
Microsoft Visual Studio Solution File, Format Version 12.00
# Visual Studio Version 17
VisualStudioVersion = 17.10.35122.118
MinimumVisualStudioVersion = 10.0.40219.1
Project("{FAE04EC0-301F-11D3-BF4B-00C04F79EFBC}") = "SumOfFiveNumbers", "SumOfFiveNumbers\SumOfFiveNumbers.csproj", "{EDC57586-145E-4C31-93E2-33AFA27396E2}"
EndProject
Project("{FAE04EC0-301F-11D3-BF4B-00C04F79EFBC}") = "SumOfFiveNumbersTest", "SumOfFiveNumbersTest\SumOfFiveNumbersTest.csproj", "{9139869F-AB7B-428B-96AF-D2710C49FAA2}"
EndProject
Global
	GlobalSection(SolutionConfigurationPlatforms) = preSolution
		Debug|Any CPU = Debug|Any CPU
		Release|Any CPU = Release|Any CPU
	EndGlobalSection
	GlobalSection(ProjectConfigurationPlatforms) = postSolution
		{EDC57586-145E-4C31-93E2-33AFA27396E2}.Debug|Any CPU.ActiveCfg = Debug|Any CPU
		{EDC57586-145E-4C31-93E2-33AFA27396E2}.Debug|Any CPU.Build.0 = Debug|Any CPU
		{EDC57586-145E-4C31-93E2-33AFA27396E2}.Release|Any CPU.ActiveCfg = Release|Any CPU
		{EDC57586-145E-4C31-93E2-33AFA27396E2}.Release|Any CPU.Build.0 = Release|Any CPU
		{9139869F-AB7B-428B-96AF-D2710C49FAA2}.Debug|Any CPU.ActiveCfg = Debug|Any CPU
		{9139869F-AB7B-428B-96AF-D2710C49FAA2}.Debug|Any CPU.Build.0 = Debug|Any CPU
		{9139869F-AB7B-428B-96AF-D2710C49FAA2}.Release|Any CPU.ActiveCfg = Release|Any CPU
		{9139869F-AB7B-428B-96AF-D2710C49FAA2}.Release|Any CPU.Build.0 = Release|Any CPU
	EndGlobalSection
	GlobalSection(SolutionProperties) = preSolution
		HideSolutionNode = FALSE
	EndGlobalSection
	GlobalSection(ExtensibilityGlobals) = postSolution
		SolutionGuid = {3849A373-E1BB-4113-8604-CCE116FF0B99}
	EndGlobalSection
EndGlobal
